
Microsoft Visual Studio Solution File, Format Version 12.00
# Visual Studio Version 16
VisualStudioVersion = 16.0.28922.388
MinimumVisualStudioVersion = 10.0.40219.1
Project("{FAE04EC0-301F-11D3-BF4B-00C04F79EFBC}") = "Portfolio_Exercises", "Portfolio_Exercises\Portfolio_Exercises.csproj", "{98CA435D-442D-44D4-BECD-F162DD40B7F8}"
EndProject
Global
	GlobalSection(SolutionConfigurationPlatforms) = preSolution
		Debug|Any CPU = Debug|Any CPU
		Release|Any CPU = Release|Any CPU
	EndGlobalSection
	GlobalSection(ProjectConfigurationPlatforms) = postSolution
		{98CA435D-442D-44D4-BECD-F162DD40B7F8}.Debug|Any CPU.ActiveCfg = Debug|Any CPU
		{98CA435D-442D-44D4-BECD-F162DD40B7F8}.Debug|Any CPU.Build.0 = Debug|Any CPU
		{98CA435D-442D-44D4-BECD-F162DD40B7F8}.Release|Any CPU.ActiveCfg = Release|Any CPU
		{98CA435D-442D-44D4-BECD-F162DD40B7F8}.Release|Any CPU.Build.0 = Release|Any CPU
	EndGlobalSection
	GlobalSection(SolutionProperties) = preSolution
		HideSolutionNode = FALSE
	EndGlobalSection
	GlobalSection(ExtensibilityGlobals) = postSolution
		SolutionGuid = {2BFC0F78-BC3B-46E3-B72E-33CE03507F1F}
	EndGlobalSection
EndGlobal
